
Microsoft Visual Studio Solution File, Format Version 12.00
# Visual Studio 14
VisualStudioVersion = 14.0.23107.0
MinimumVisualStudioVersion = 10.0.40219.1
Project("{FAE04EC0-301F-11D3-BF4B-00C04F79EFBC}") = "WebDB.WebService", "WebDB.WebService\WebDB.WebService.csproj", "{8AA97B80-9ECA-4A57-8C12-6AF667A7AB49}"
EndProject
Project("{FAE04EC0-301F-11D3-BF4B-00C04F79EFBC}") = "WebDB.WebService.Tests", "WebDB.WebService.Tests\WebDB.WebService.Tests.csproj", "{3690A4D3-0C0D-444D-8F87-58CF327FDB61}"
EndProject
Project("{2150E333-8FDC-42A3-9474-1A3956D46DE8}") = "Data", "Data", "{036CE077-600D-4464-A20D-C592E940BE3B}"
EndProject
Project("{2150E333-8FDC-42A3-9474-1A3956D46DE8}") = "PublishScripts", "PublishScripts", "{3DA666E5-33E9-4E1F-ADB3-3957791C6C2A}"
	ProjectSection(SolutionItems) = preProject
		PublishScripts\AzureVMPublishModule.psm1 = PublishScripts\AzureVMPublishModule.psm1
		PublishScripts\Publish-WebApplicationVM.ps1 = PublishScripts\Publish-WebApplicationVM.ps1
	EndProjectSection
EndProject
Project("{2150E333-8FDC-42A3-9474-1A3956D46DE8}") = "Configurations", "Configurations", "{72E327BE-C9E9-4167-B953-DCB46A53D0E0}"
	ProjectSection(SolutionItems) = preProject
		PublishScripts\Configurations\WebDBWebService-WAWS-dev.json = PublishScripts\Configurations\WebDBWebService-WAWS-dev.json
	EndProjectSection
EndProject
Project("{FAE04EC0-301F-11D3-BF4B-00C04F79EFBC}") = "WebDB.EntityFramework", "Data\WebDB.EntityFramework\WebDB.EntityFramework.csproj", "{65F57EF2-46E2-4EBD-950C-F7322992594E}"
EndProject
Project("{2150E333-8FDC-42A3-9474-1A3956D46DE8}") = "Service", "Service", "{ED852A8C-5838-416E-9B86-DBE3ABBA60AD}"
EndProject
Project("{FAE04EC0-301F-11D3-BF4B-00C04F79EFBC}") = "WebDB.Service", "Service\WebDB.Service\WebDB.Service.csproj", "{7988D168-4D0B-4F40-A8A3-1F0156573AAC}"
EndProject
Project("{FAE04EC0-301F-11D3-BF4B-00C04F79EFBC}") = "WebDB.Model", "Data\WebDB.Model\WebDB.Model.csproj", "{29178112-9D3F-4562-97FD-AFFA3D2F6362}"
EndProject
Project("{FAE04EC0-301F-11D3-BF4B-00C04F79EFBC}") = "WebDB.Actors", "Service\WebDB.Actors\WebDB.Actors.csproj", "{8916B927-6920-406E-9F9F-0CA9C7853006}"
EndProject
Project("{FAE04EC0-301F-11D3-BF4B-00C04F79EFBC}") = "WebDB.Messages", "Service\WebDB.Messages\WebDB.Messages.csproj", "{B3FCB20E-E2AB-4A73-8808-8F85F7C7CCDF}"
EndProject
Project("{2150E333-8FDC-42A3-9474-1A3956D46DE8}") = "Documentation", "Documentation", "{7979DD65-3451-437F-B27A-59ED8A3742E4}"
	ProjectSection(SolutionItems) = preProject
		TODO.txt = TODO.txt
	EndProjectSection
EndProject
Project("{F088123C-0E9E-452A-89E6-6BA2F21D5CAC}") = "WebDB.Documentation.Modeling", "Documentation\WebDB.Documentation.Modeling\WebDB.Documentation.Modeling.modelproj", "{E157E1F8-7EE2-4B02-A7FE-F2E862F86757}"
EndProject
Project("{2150E333-8FDC-42A3-9474-1A3956D46DE8}") = "Client", "Client", "{F5514C36-873A-4108-ADC6-31D98C2679E5}"
EndProject
Project("{FAE04EC0-301F-11D3-BF4B-00C04F79EFBC}") = "WebDB.Client.WPF", "Client\WebDB.Client.WPF\WebDB.Client.WPF.csproj", "{9F6ECEE9-5D03-4188-89A6-409A3FB15647}"
EndProject
Project("{FAE04EC0-301F-11D3-BF4B-00C04F79EFBC}") = "WebDB.Client.Core", "Client\WebDB.Client.Core\WebDB.Client.Core.csproj", "{BF4E8DA7-611D-4729-B633-5E63D7A0C1E8}"
EndProject
Project("{2150E333-8FDC-42A3-9474-1A3956D46DE8}") = "Common", "Common", "{9C9CC568-3587-406A-955C-51FB0224EF32}"
EndProject
Project("{FAE04EC0-301F-11D3-BF4B-00C04F79EFBC}") = "WebDB.Common", "Common\WebDB.Common\WebDB.Common.csproj", "{12C87247-5908-4494-B57A-F91876733879}"
EndProject
Project("{2150E333-8FDC-42A3-9474-1A3956D46DE8}") = "Prism", "Prism", "{23B866BE-837E-43C0-BFB9-2867FBE28544}"
EndProject
Project("{2150E333-8FDC-42A3-9474-1A3956D46DE8}") = "Libs", "Libs", "{AF4910CF-52D5-4D54-97FD-13ED08E17D70}"
EndProject
Project("{2150E333-8FDC-42A3-9474-1A3956D46DE8}") = "Modules", "Modules", "{DD7E7851-157A-440A-A11F-1753FF852F45}"
EndProject
Project("{FAE04EC0-301F-11D3-BF4B-00C04F79EFBC}") = "WebDB.Client.Prism", "Client\Prism\WebDB.Client.Prism\WebDB.Client.Prism.csproj", "{2B3E9551-E1A0-4255-88CC-CF3635701283}"
EndProject
Project("{FAE04EC0-301F-11D3-BF4B-00C04F79EFBC}") = "WebDB.Client.Prism.Modules.Toolbar", "Client\Prism\Modules\WebDB.Client.Prism.Modules.Toolbar\WebDB.Client.Prism.Modules.Toolbar.csproj", "{572CB2A0-5B3A-4D2A-852D-7D416D523585}"
EndProject
Project("{FAE04EC0-301F-11D3-BF4B-00C04F79EFBC}") = "WebDB.Client.Prism.Core", "Client\Prism\WebDB.Client.Prisim.Core\WebDB.Client.Prism.Core.csproj", "{735FD877-A420-4103-9136-776C44A188A1}"
EndProject
Project("{FAE04EC0-301F-11D3-BF4B-00C04F79EFBC}") = "WebDB.Client.Prism.Modules.StatusBar", "Client\Prism\Modules\WebDB.Client.Prism.Modules.StatusBar\WebDB.Client.Prism.Modules.StatusBar.csproj", "{F80F2D74-19C0-4146-A053-7A22A9BEDC22}"
EndProject
Project("{FAE04EC0-301F-11D3-BF4B-00C04F79EFBC}") = "WebDB.Client.Prism.Modules.EntityGrid", "Client\Prism\Modules\WebDB.Client.Prism.Modules.EntityGrid\WebDB.Client.Prism.Modules.EntityGrid.csproj", "{C32EB722-9393-4314-94F3-97CF66E1D270}"
EndProject
Project("{FAE04EC0-301F-11D3-BF4B-00C04F79EFBC}") = "WebDB.Client.Prism.Modules.DataService", "Client\Prism\Modules\WebDB.Client.Prism.Modules.DataService\WebDB.Client.Prism.Modules.DataService.csproj", "{F7DB0BCD-E339-4E79-8385-B22A513F3A6D}"
EndProject
Project("{FAE04EC0-301F-11D3-BF4B-00C04F79EFBC}") = "WebDB.Client.Prism.Interfaces", "Client\Prism\WebDB.Client.Prism.Interfaces\WebDB.Client.Prism.Interfaces.csproj", "{907DCCA2-DAD4-42D5-AEEC-9FB242C8DD3A}"
EndProject
Project("{2150E333-8FDC-42A3-9474-1A3956D46DE8}") = "Solution Items", "Solution Items", "{008D7EF6-8DBF-4250-9B23-CF49946DB66E}"
EndProject
Project("{FAE04EC0-301F-11D3-BF4B-00C04F79EFBC}") = "WebDB.Client.Prism.Modules.AkkaDataService", "Client\Prism\Modules\WebDB.Client.Prism.Modules.AkkaDataService\WebDB.Client.Prism.Modules.AkkaDataService.csproj", "{DB5BCC10-8CBF-4816-841A-8E399B0BE004}"
EndProject
Project("{2150E333-8FDC-42A3-9474-1A3956D46DE8}") = "Angular", "Angular", "{F60B8567-80E2-41A9-9027-384A6592392D}"
EndProject
Project("{FAE04EC0-301F-11D3-BF4B-00C04F79EFBC}") = "WebDB.Client.Angular", "Client\Angular\WebDB.Client.Angular\WebDB.Client.Angular.csproj", "{D69B20F0-86FD-455C-A8FF-7CA731CE1535}"
EndProject
Project("{FAE04EC0-301F-11D3-BF4B-00C04F79EFBC}") = "WebDB.Client.Angular.Tests", "WebDB.Client.Angular.Tests\WebDB.Client.Angular.Tests.csproj", "{DFF203C1-C952-4F00-8A4A-133AB1BCCE26}"
EndProject
Global
	GlobalSection(SolutionConfigurationPlatforms) = preSolution
		Debug|Any CPU = Debug|Any CPU
		Release|Any CPU = Release|Any CPU
	EndGlobalSection
	GlobalSection(ProjectConfigurationPlatforms) = postSolution
		{8AA97B80-9ECA-4A57-8C12-6AF667A7AB49}.Debug|Any CPU.ActiveCfg = Debug|Any CPU
		{8AA97B80-9ECA-4A57-8C12-6AF667A7AB49}.Debug|Any CPU.Build.0 = Debug|Any CPU
		{8AA97B80-9ECA-4A57-8C12-6AF667A7AB49}.Release|Any CPU.ActiveCfg = Release|Any CPU
		{8AA97B80-9ECA-4A57-8C12-6AF667A7AB49}.Release|Any CPU.Build.0 = Release|Any CPU
		{3690A4D3-0C0D-444D-8F87-58CF327FDB61}.Debug|Any CPU.ActiveCfg = Debug|Any CPU
		{3690A4D3-0C0D-444D-8F87-58CF327FDB61}.Debug|Any CPU.Build.0 = Debug|Any CPU
		{3690A4D3-0C0D-444D-8F87-58CF327FDB61}.Release|Any CPU.ActiveCfg = Release|Any CPU
		{3690A4D3-0C0D-444D-8F87-58CF327FDB61}.Release|Any CPU.Build.0 = Release|Any CPU
		{65F57EF2-46E2-4EBD-950C-F7322992594E}.Debug|Any CPU.ActiveCfg = Debug|Any CPU
		{65F57EF2-46E2-4EBD-950C-F7322992594E}.Debug|Any CPU.Build.0 = Debug|Any CPU
		{65F57EF2-46E2-4EBD-950C-F7322992594E}.Release|Any CPU.ActiveCfg = Release|Any CPU
		{65F57EF2-46E2-4EBD-950C-F7322992594E}.Release|Any CPU.Build.0 = Release|Any CPU
		{7988D168-4D0B-4F40-A8A3-1F0156573AAC}.Debug|Any CPU.ActiveCfg = Debug|Any CPU
		{7988D168-4D0B-4F40-A8A3-1F0156573AAC}.Debug|Any CPU.Build.0 = Debug|Any CPU
		{7988D168-4D0B-4F40-A8A3-1F0156573AAC}.Release|Any CPU.ActiveCfg = Release|Any CPU
		{7988D168-4D0B-4F40-A8A3-1F0156573AAC}.Release|Any CPU.Build.0 = Release|Any CPU
		{29178112-9D3F-4562-97FD-AFFA3D2F6362}.Debug|Any CPU.ActiveCfg = Debug|Any CPU
		{29178112-9D3F-4562-97FD-AFFA3D2F6362}.Debug|Any CPU.Build.0 = Debug|Any CPU
		{29178112-9D3F-4562-97FD-AFFA3D2F6362}.Release|Any CPU.ActiveCfg = Release|Any CPU
		{29178112-9D3F-4562-97FD-AFFA3D2F6362}.Release|Any CPU.Build.0 = Release|Any CPU
		{8916B927-6920-406E-9F9F-0CA9C7853006}.Debug|Any CPU.ActiveCfg = Debug|Any CPU
		{8916B927-6920-406E-9F9F-0CA9C7853006}.Debug|Any CPU.Build.0 = Debug|Any CPU
		{8916B927-6920-406E-9F9F-0CA9C7853006}.Release|Any CPU.ActiveCfg = Release|Any CPU
		{8916B927-6920-406E-9F9F-0CA9C7853006}.Release|Any CPU.Build.0 = Release|Any CPU
		{B3FCB20E-E2AB-4A73-8808-8F85F7C7CCDF}.Debug|Any CPU.ActiveCfg = Debug|Any CPU
		{B3FCB20E-E2AB-4A73-8808-8F85F7C7CCDF}.Debug|Any CPU.Build.0 = Debug|Any CPU
		{B3FCB20E-E2AB-4A73-8808-8F85F7C7CCDF}.Release|Any CPU.ActiveCfg = Release|Any CPU
		{B3FCB20E-E2AB-4A73-8808-8F85F7C7CCDF}.Release|Any CPU.Build.0 = Release|Any CPU
		{E157E1F8-7EE2-4B02-A7FE-F2E862F86757}.Debug|Any CPU.ActiveCfg = Debug|Any CPU
		{E157E1F8-7EE2-4B02-A7FE-F2E862F86757}.Debug|Any CPU.Build.0 = Debug|Any CPU
		{E157E1F8-7EE2-4B02-A7FE-F2E862F86757}.Release|Any CPU.ActiveCfg = Release|Any CPU
		{E157E1F8-7EE2-4B02-A7FE-F2E862F86757}.Release|Any CPU.Build.0 = Release|Any CPU
		{9F6ECEE9-5D03-4188-89A6-409A3FB15647}.Debug|Any CPU.ActiveCfg = Debug|Any CPU
		{9F6ECEE9-5D03-4188-89A6-409A3FB15647}.Debug|Any CPU.Build.0 = Debug|Any CPU
		{9F6ECEE9-5D03-4188-89A6-409A3FB15647}.Release|Any CPU.ActiveCfg = Release|Any CPU
		{9F6ECEE9-5D03-4188-89A6-409A3FB15647}.Release|Any CPU.Build.0 = Release|Any CPU
		{BF4E8DA7-611D-4729-B633-5E63D7A0C1E8}.Debug|Any CPU.ActiveCfg = Debug|Any CPU
		{BF4E8DA7-611D-4729-B633-5E63D7A0C1E8}.Debug|Any CPU.Build.0 = Debug|Any CPU
		{BF4E8DA7-611D-4729-B633-5E63D7A0C1E8}.Release|Any CPU.ActiveCfg = Release|Any CPU
		{BF4E8DA7-611D-4729-B633-5E63D7A0C1E8}.Release|Any CPU.Build.0 = Release|Any CPU
		{12C87247-5908-4494-B57A-F91876733879}.Debug|Any CPU.ActiveCfg = Debug|Any CPU
		{12C87247-5908-4494-B57A-F91876733879}.Debug|Any CPU.Build.0 = Debug|Any CPU
		{12C87247-5908-4494-B57A-F91876733879}.Release|Any CPU.ActiveCfg = Release|Any CPU
		{12C87247-5908-4494-B57A-F91876733879}.Release|Any CPU.Build.0 = Release|Any CPU
		{2B3E9551-E1A0-4255-88CC-CF3635701283}.Debug|Any CPU.ActiveCfg = Debug|Any CPU
		{2B3E9551-E1A0-4255-88CC-CF3635701283}.Debug|Any CPU.Build.0 = Debug|Any CPU
		{2B3E9551-E1A0-4255-88CC-CF3635701283}.Release|Any CPU.ActiveCfg = Release|Any CPU
		{2B3E9551-E1A0-4255-88CC-CF3635701283}.Release|Any CPU.Build.0 = Release|Any CPU
		{572CB2A0-5B3A-4D2A-852D-7D416D523585}.Debug|Any CPU.ActiveCfg = Debug|Any CPU
		{572CB2A0-5B3A-4D2A-852D-7D416D523585}.Debug|Any CPU.Build.0 = Debug|Any CPU
		{572CB2A0-5B3A-4D2A-852D-7D416D523585}.Release|Any CPU.ActiveCfg = Release|Any CPU
		{572CB2A0-5B3A-4D2A-852D-7D416D523585}.Release|Any CPU.Build.0 = Release|Any CPU
		{735FD877-A420-4103-9136-776C44A188A1}.Debug|Any CPU.ActiveCfg = Debug|Any CPU
		{735FD877-A420-4103-9136-776C44A188A1}.Debug|Any CPU.Build.0 = Debug|Any CPU
		{735FD877-A420-4103-9136-776C44A188A1}.Release|Any CPU.ActiveCfg = Release|Any CPU
		{735FD877-A420-4103-9136-776C44A188A1}.Release|Any CPU.Build.0 = Release|Any CPU
		{F80F2D74-19C0-4146-A053-7A22A9BEDC22}.Debug|Any CPU.ActiveCfg = Debug|Any CPU
		{F80F2D74-19C0-4146-A053-7A22A9BEDC22}.Debug|Any CPU.Build.0 = Debug|Any CPU
		{F80F2D74-19C0-4146-A053-7A22A9BEDC22}.Release|Any CPU.ActiveCfg = Release|Any CPU
		{F80F2D74-19C0-4146-A053-7A22A9BEDC22}.Release|Any CPU.Build.0 = Release|Any CPU
		{C32EB722-9393-4314-94F3-97CF66E1D270}.Debug|Any CPU.ActiveCfg = Debug|Any CPU
		{C32EB722-9393-4314-94F3-97CF66E1D270}.Debug|Any CPU.Build.0 = Debug|Any CPU
		{C32EB722-9393-4314-94F3-97CF66E1D270}.Release|Any CPU.ActiveCfg = Release|Any CPU
		{C32EB722-9393-4314-94F3-97CF66E1D270}.Release|Any CPU.Build.0 = Release|Any CPU
		{F7DB0BCD-E339-4E79-8385-B22A513F3A6D}.Debug|Any CPU.ActiveCfg = Debug|Any CPU
		{F7DB0BCD-E339-4E79-8385-B22A513F3A6D}.Debug|Any CPU.Build.0 = Debug|Any CPU
		{F7DB0BCD-E339-4E79-8385-B22A513F3A6D}.Release|Any CPU.ActiveCfg = Release|Any CPU
		{F7DB0BCD-E339-4E79-8385-B22A513F3A6D}.Release|Any CPU.Build.0 = Release|Any CPU
		{907DCCA2-DAD4-42D5-AEEC-9FB242C8DD3A}.Debug|Any CPU.ActiveCfg = Debug|Any CPU
		{907DCCA2-DAD4-42D5-AEEC-9FB242C8DD3A}.Debug|Any CPU.Build.0 = Debug|Any CPU
		{907DCCA2-DAD4-42D5-AEEC-9FB242C8DD3A}.Release|Any CPU.ActiveCfg = Release|Any CPU
		{907DCCA2-DAD4-42D5-AEEC-9FB242C8DD3A}.Release|Any CPU.Build.0 = Release|Any CPU
		{DB5BCC10-8CBF-4816-841A-8E399B0BE004}.Debug|Any CPU.ActiveCfg = Debug|Any CPU
		{DB5BCC10-8CBF-4816-841A-8E399B0BE004}.Debug|Any CPU.Build.0 = Debug|Any CPU
		{DB5BCC10-8CBF-4816-841A-8E399B0BE004}.Release|Any CPU.ActiveCfg = Release|Any CPU
		{DB5BCC10-8CBF-4816-841A-8E399B0BE004}.Release|Any CPU.Build.0 = Release|Any CPU
		{D69B20F0-86FD-455C-A8FF-7CA731CE1535}.Debug|Any CPU.ActiveCfg = Debug|Any CPU
		{D69B20F0-86FD-455C-A8FF-7CA731CE1535}.Debug|Any CPU.Build.0 = Debug|Any CPU
		{D69B20F0-86FD-455C-A8FF-7CA731CE1535}.Release|Any CPU.ActiveCfg = Release|Any CPU
		{D69B20F0-86FD-455C-A8FF-7CA731CE1535}.Release|Any CPU.Build.0 = Release|Any CPU
		{DFF203C1-C952-4F00-8A4A-133AB1BCCE26}.Debug|Any CPU.ActiveCfg = Debug|Any CPU
		{DFF203C1-C952-4F00-8A4A-133AB1BCCE26}.Debug|Any CPU.Build.0 = Debug|Any CPU
		{DFF203C1-C952-4F00-8A4A-133AB1BCCE26}.Release|Any CPU.ActiveCfg = Release|Any CPU
		{DFF203C1-C952-4F00-8A4A-133AB1BCCE26}.Release|Any CPU.Build.0 = Release|Any CPU
	EndGlobalSection
	GlobalSection(SolutionProperties) = preSolution
		HideSolutionNode = FALSE
	EndGlobalSection
	GlobalSection(NestedProjects) = preSolution
		{72E327BE-C9E9-4167-B953-DCB46A53D0E0} = {3DA666E5-33E9-4E1F-ADB3-3957791C6C2A}
		{65F57EF2-46E2-4EBD-950C-F7322992594E} = {036CE077-600D-4464-A20D-C592E940BE3B}
		{7988D168-4D0B-4F40-A8A3-1F0156573AAC} = {ED852A8C-5838-416E-9B86-DBE3ABBA60AD}
		{29178112-9D3F-4562-97FD-AFFA3D2F6362} = {036CE077-600D-4464-A20D-C592E940BE3B}
		{8916B927-6920-406E-9F9F-0CA9C7853006} = {ED852A8C-5838-416E-9B86-DBE3ABBA60AD}
		{B3FCB20E-E2AB-4A73-8808-8F85F7C7CCDF} = {ED852A8C-5838-416E-9B86-DBE3ABBA60AD}
		{E157E1F8-7EE2-4B02-A7FE-F2E862F86757} = {7979DD65-3451-437F-B27A-59ED8A3742E4}
		{9F6ECEE9-5D03-4188-89A6-409A3FB15647} = {F5514C36-873A-4108-ADC6-31D98C2679E5}
		{BF4E8DA7-611D-4729-B633-5E63D7A0C1E8} = {F5514C36-873A-4108-ADC6-31D98C2679E5}
		{12C87247-5908-4494-B57A-F91876733879} = {9C9CC568-3587-406A-955C-51FB0224EF32}
		{23B866BE-837E-43C0-BFB9-2867FBE28544} = {F5514C36-873A-4108-ADC6-31D98C2679E5}
		{AF4910CF-52D5-4D54-97FD-13ED08E17D70} = {23B866BE-837E-43C0-BFB9-2867FBE28544}
		{DD7E7851-157A-440A-A11F-1753FF852F45} = {23B866BE-837E-43C0-BFB9-2867FBE28544}
		{2B3E9551-E1A0-4255-88CC-CF3635701283} = {23B866BE-837E-43C0-BFB9-2867FBE28544}
		{572CB2A0-5B3A-4D2A-852D-7D416D523585} = {DD7E7851-157A-440A-A11F-1753FF852F45}
		{735FD877-A420-4103-9136-776C44A188A1} = {23B866BE-837E-43C0-BFB9-2867FBE28544}
		{F80F2D74-19C0-4146-A053-7A22A9BEDC22} = {DD7E7851-157A-440A-A11F-1753FF852F45}
		{C32EB722-9393-4314-94F3-97CF66E1D270} = {DD7E7851-157A-440A-A11F-1753FF852F45}
		{F7DB0BCD-E339-4E79-8385-B22A513F3A6D} = {DD7E7851-157A-440A-A11F-1753FF852F45}
		{907DCCA2-DAD4-42D5-AEEC-9FB242C8DD3A} = {23B866BE-837E-43C0-BFB9-2867FBE28544}
		{DB5BCC10-8CBF-4816-841A-8E399B0BE004} = {DD7E7851-157A-440A-A11F-1753FF852F45}
		{F60B8567-80E2-41A9-9027-384A6592392D} = {F5514C36-873A-4108-ADC6-31D98C2679E5}
		{D69B20F0-86FD-455C-A8FF-7CA731CE1535} = {F60B8567-80E2-41A9-9027-384A6592392D}
		{DFF203C1-C952-4F00-8A4A-133AB1BCCE26} = {F60B8567-80E2-41A9-9027-384A6592392D}
	EndGlobalSection
EndGlobal
